{
  "originHash" : "09130969bd9c9b5ee02efcb83b31478ff9858226ee15c5f577f61664beb5df5a",
  "pins" : [
    {
      "identity" : "bluesocket",
      "kind" : "remoteSourceControl",
      "location" : "https://github.com/Kitura/BlueSocket.git",
      "state" : {
        "revision" : "7b23a867008e0027bfd6f4d398d44720707bc8ca",
        "version" : "2.0.4"
      }
    },
    {
      "identity" : "bluesslservice",
      "kind" : "remoteSourceControl",
      "location" : "https://github.com/Kitura/BlueSSLService",
      "state" : {
        "revision" : "b27a94d063962dfa1bba9f79814c4ef202cf33a4",
        "version" : "2.0.2"
      }
    },
    {
      "identity" : "postgresclientkit",
      "kind" : "remoteSourceControl",
      "location" : "https://github.com/codewinsdotcom/PostgresClientKit",
      "state" : {
        "revision" : "356ffe0c43722f192d796300557b3b530a0baebc",
        "version" : "1.5.0"
      }
    },
    {
      "identity" : "sparkle",
      "kind" : "remoteSourceControl",
      "location" : "https://github.com/sparkle-project/Sparkle",
      "state" : {
        "revision" : "d46d456107feacc80711b21847b82b07bd9fb46e",
        "version" : "2.9.3"
      }
    }
  ],
  "version" : 3
}
